{
  "originHash" : "68407bb6b5237f946678641b2ff5748dab0ac87e1bd978f7cca30fe0b9bc9439",
  "pins" : [
    {
      "identity" : "atcommontools",
      "kind" : "remoteSourceControl",
      "location" : "https://github.com/ATProtoKit/ATCommonTools.git",
      "state" : {
        "revision" : "ca5eee7f09202699707cb249d411bbb2c7597986",
        "version" : "0.0.13"
      }
    },
    {
      "identity" : "atsyntaxtools",
      "kind" : "remoteSourceControl",
      "location" : "https://github.com/ATProtoKit/ATSyntaxTools.git",
      "state" : {
        "revision" : "29153f761126c35e703a1a0570e8941e2208080d",
        "version" : "0.1.2"
      }
    },
    {
      "identity" : "multiformatskit",
      "kind" : "remoteSourceControl",
      "location" : "https://github.com/ATProtoKit/MultiformatsKit.git",
      "state" : {
        "revision" : "e03ab44983ae3cf525a3f8df8d1640f819385926",
        "version" : "0.3.0"
      }
    },
    {
      "identity" : "swift-asn1",
      "kind" : "remoteSourceControl",
      "location" : "https://github.com/apple/swift-asn1.git",
      "state" : {
        "revision" : "f70225981241859eb4aa1a18a75531d26637c8cc",
        "version" : "1.4.0"
      }
    },
    {
      "identity" : "swift-cbor",
      "kind" : "remoteSourceControl",
      "location" : "https://github.com/MasterJ93/swift-cbor.git",
      "state" : {
        "revision" : "7452e1d1dbfb99fa0baca7732cf199be1bfc7e7c",
        "version" : "0.0.8"
      }
    },
    {
      "identity" : "swift-crypto",
      "kind" : "remoteSourceControl",
      "location" : "https://github.com/apple/swift-crypto.git",
      "state" : {
        "revision" : "334e682869394ee239a57dbe9262bff3cd9495bd",
        "version" : "3.14.0"
      }
    }
  ],
  "version" : 3
}
