{
  "originHash" : "eaa4cf8907a9aaf493d07023e07d92d3e3f5a571d45e73e312d9e1667935f228",
  "pins" : [
    {
      "identity" : "atcommontools",
      "kind" : "remoteSourceControl",
      "location" : "https://github.com/ATProtoKit/ATCommonTools.git",
      "state" : {
        "revision" : "f37c1b617a6377bf2d17c225cf05880e7d30db9d",
        "version" : "0.0.15"
      }
    },
    {
      "identity" : "atsyntaxtools",
      "kind" : "remoteSourceControl",
      "location" : "https://github.com/ATProtoKit/ATSyntaxTools.git",
      "state" : {
        "revision" : "74bd591da773c1640c43f946d6c81c2c27a6fd5e",
        "version" : "0.1.3"
      }
    },
    {
      "identity" : "multiformatskit",
      "kind" : "remoteSourceControl",
      "location" : "https://github.com/ATProtoKit/MultiformatsKit.git",
      "state" : {
        "revision" : "e03ab44983ae3cf525a3f8df8d1640f819385926",
        "version" : "0.3.0"
      }
    },
    {
      "identity" : "swift-asn1",
      "kind" : "remoteSourceControl",
      "location" : "https://github.com/apple/swift-asn1.git",
      "state" : {
        "revision" : "810496cf121e525d660cd0ea89a758740476b85f",
        "version" : "1.5.1"
      }
    },
    {
      "identity" : "swift-cbor",
      "kind" : "remoteSourceControl",
      "location" : "https://github.com/MasterJ93/swift-cbor.git",
      "state" : {
        "revision" : "7452e1d1dbfb99fa0baca7732cf199be1bfc7e7c",
        "version" : "0.0.8"
      }
    },
    {
      "identity" : "swift-crypto",
      "kind" : "remoteSourceControl",
      "location" : "https://github.com/apple/swift-crypto.git",
      "state" : {
        "revision" : "95ba0316a9b733e92bb6b071255ff46263bbe7dc",
        "version" : "3.15.1"
      }
    }
  ],
  "version" : 3
}
