{
  "originHash" : "68407bb6b5237f946678641b2ff5748dab0ac87e1bd978f7cca30fe0b9bc9439",
  "pins" : [
    {
      "identity" : "atcommontools",
      "kind" : "remoteSourceControl",
      "location" : "https://github.com/ATProtoKit/ATCommonTools.git",
      "state" : {
        "revision" : "ca5eee7f09202699707cb249d411bbb2c7597986",
        "version" : "0.0.13"
      }
    },
    {
      "identity" : "atsyntaxtools",
      "kind" : "remoteSourceControl",
      "location" : "https://github.com/ATProtoKit/ATSyntaxTools.git",
      "state" : {
        "revision" : "29153f761126c35e703a1a0570e8941e2208080d",
        "version" : "0.1.2"
      }
    },
    {
      "identity" : "multiformatskit",
      "kind" : "remoteSourceControl",
      "location" : "https://github.com/ATProtoKit/MultiformatsKit.git",
      "state" : {
        "revision" : "e03ab44983ae3cf525a3f8df8d1640f819385926",
        "version" : "0.3.0"
      }
    },
    {
      "identity" : "swift-asn1",
      "kind" : "remoteSourceControl",
      "location" : "https://github.com/apple/swift-asn1.git",
      "state" : {
        "revision" : "a54383ada6cecde007d374f58f864e29370ba5c3",
        "version" : "1.3.2"
      }
    },
    {
      "identity" : "swift-cbor",
      "kind" : "remoteSourceControl",
      "location" : "https://github.com/MasterJ93/swift-cbor.git",
      "state" : {
        "revision" : "640a30c0651d734f21b800b221c60feee6382e69",
        "version" : "0.0.5"
      }
    },
    {
      "identity" : "swift-crypto",
      "kind" : "remoteSourceControl",
      "location" : "https://github.com/apple/swift-crypto.git",
      "state" : {
        "revision" : "e8d6eba1fef23ae5b359c46b03f7d94be2f41fed",
        "version" : "3.12.3"
      }
    }
  ],
  "version" : 3
}
